
Microsoft Visual Studio Solution File, Format Version 12.00
# Visual Studio Version 16
VisualStudioVersion = 16.0.31105.61
MinimumVisualStudioVersion = 10.0.40219.1
Project("{FAE04EC0-301F-11D3-BF4B-00C04F79EFBC}") = "ExamSystem", "ExamSystem\ExamSystem.csproj", "{9B0C4BAE-6BFD-4119-AC6D-97AAE9153D26}"
EndProject
Project("{FAE04EC0-301F-11D3-BF4B-00C04F79EFBC}") = "FTPss", "FTPss\FTPss.csproj", "{6B68A35B-B11C-452C-9524-49390EAC605E}"
EndProject
Global
	GlobalSection(SolutionConfigurationPlatforms) = preSolution
		Debug|Any CPU = Debug|Any CPU
		Release|Any CPU = Release|Any CPU
	EndGlobalSection
	GlobalSection(ProjectConfigurationPlatforms) = postSolution
		{9B0C4BAE-6BFD-4119-AC6D-97AAE9153D26}.Debug|Any CPU.ActiveCfg = Debug|Any CPU
		{9B0C4BAE-6BFD-4119-AC6D-97AAE9153D26}.Debug|Any CPU.Build.0 = Debug|Any CPU
		{9B0C4BAE-6BFD-4119-AC6D-97AAE9153D26}.Release|Any CPU.ActiveCfg = Release|Any CPU
		{9B0C4BAE-6BFD-4119-AC6D-97AAE9153D26}.Release|Any CPU.Build.0 = Release|Any CPU
		{6B68A35B-B11C-452C-9524-49390EAC605E}.Debug|Any CPU.ActiveCfg = Debug|Any CPU
		{6B68A35B-B11C-452C-9524-49390EAC605E}.Debug|Any CPU.Build.0 = Debug|Any CPU
		{6B68A35B-B11C-452C-9524-49390EAC605E}.Release|Any CPU.ActiveCfg = Release|Any CPU
		{6B68A35B-B11C-452C-9524-49390EAC605E}.Release|Any CPU.Build.0 = Release|Any CPU
	EndGlobalSection
	GlobalSection(SolutionProperties) = preSolution
		HideSolutionNode = FALSE
	EndGlobalSection
	GlobalSection(ExtensibilityGlobals) = postSolution
		SolutionGuid = {6D10C8EE-13C3-47B3-809F-181A7ECC7DB8}
	EndGlobalSection
EndGlobal
